
Microsoft Visual Studio Solution File, Format Version 12.00
# Visual Studio Version 17
VisualStudioVersion = 17.1.32328.378
MinimumVisualStudioVersion = 10.0.40219.1
Project("{FAE04EC0-301F-11D3-BF4B-00C04F79EFBC}") = "Soma de Produtos", "Soma de Produtos\Soma de Produtos.csproj", "{20C371C1-F98D-42CE-8A4C-7468028E781B}"
EndProject
Global
	GlobalSection(SolutionConfigurationPlatforms) = preSolution
		Debug|Any CPU = Debug|Any CPU
		Release|Any CPU = Release|Any CPU
	EndGlobalSection
	GlobalSection(ProjectConfigurationPlatforms) = postSolution
		{20C371C1-F98D-42CE-8A4C-7468028E781B}.Debug|Any CPU.ActiveCfg = Debug|Any CPU
		{20C371C1-F98D-42CE-8A4C-7468028E781B}.Debug|Any CPU.Build.0 = Debug|Any CPU
		{20C371C1-F98D-42CE-8A4C-7468028E781B}.Release|Any CPU.ActiveCfg = Release|Any CPU
		{20C371C1-F98D-42CE-8A4C-7468028E781B}.Release|Any CPU.Build.0 = Release|Any CPU
	EndGlobalSection
	GlobalSection(SolutionProperties) = preSolution
		HideSolutionNode = FALSE
	EndGlobalSection
	GlobalSection(ExtensibilityGlobals) = postSolution
		SolutionGuid = {4385273D-F358-4000-970D-A34BD06523A0}
	EndGlobalSection
EndGlobal
