
Microsoft Visual Studio Solution File, Format Version 12.00
# Visual Studio Version 17
VisualStudioVersion = 17.1.32328.378
MinimumVisualStudioVersion = 10.0.40219.1
Project("{FAE04EC0-301F-11D3-BF4B-00C04F79EFBC}") = "Altura média entre 5 pessoas", "Altura média entre 5 pessoas\Altura média entre 5 pessoas.csproj", "{FF5FE1A5-5FEB-4377-8D8A-77FD24567859}"
EndProject
Global
	GlobalSection(SolutionConfigurationPlatforms) = preSolution
		Debug|Any CPU = Debug|Any CPU
		Release|Any CPU = Release|Any CPU
	EndGlobalSection
	GlobalSection(ProjectConfigurationPlatforms) = postSolution
		{FF5FE1A5-5FEB-4377-8D8A-77FD24567859}.Debug|Any CPU.ActiveCfg = Debug|Any CPU
		{FF5FE1A5-5FEB-4377-8D8A-77FD24567859}.Debug|Any CPU.Build.0 = Debug|Any CPU
		{FF5FE1A5-5FEB-4377-8D8A-77FD24567859}.Release|Any CPU.ActiveCfg = Release|Any CPU
		{FF5FE1A5-5FEB-4377-8D8A-77FD24567859}.Release|Any CPU.Build.0 = Release|Any CPU
	EndGlobalSection
	GlobalSection(SolutionProperties) = preSolution
		HideSolutionNode = FALSE
	EndGlobalSection
	GlobalSection(ExtensibilityGlobals) = postSolution
		SolutionGuid = {83BF810F-9839-4A8B-8956-C80A510A5A93}
	EndGlobalSection
EndGlobal
